// !$*UTF8*$!
{
	archiveVersion = 1;
	classes = {
	};
	objectVersion = 50;
	objects = {

/* Begin PBXBuildFile section */
		F0E371122405E633000B5E07 /* AppDelegate.swift in Sources */ = {isa = PBXBuildFile; fileRef = F0E371112405E633000B5E07 /* AppDelegate.swift */; };
		F0E371142405E633000B5E07 /* SceneDelegate.swift in Sources */ = {isa = PBXBuildFile; fileRef = F0E371132405E633000B5E07 /* SceneDelegate.swift */; };
		F0E371172405E633000B5E07 /* LayoutAndGeometry.xcdatamodeld in Sources */ = {isa = PBXBuildFile; fileRef = F0E371152405E633000B5E07 /* LayoutAndGeometry.xcdatamodeld */; };
		F0E371192405E633000B5E07 /* ContentView.swift in Sources */ = {isa = PBXBuildFile; fileRef = F0E371182405E633000B5E07 /* ContentView.swift */; };
		F0E3711B2405E636000B5E07 /* Assets.xcassets in Resources */ = {isa = PBXBuildFile; fileRef = F0E3711A2405E636000B5E07 /* Assets.xcassets */; };
		F0E3711E2405E636000B5E07 /* Preview Assets.xcassets in Resources */ = {isa = PBXBuildFile; fileRef = F0E3711D2405E636000B5E07 /* Preview Assets.xcassets */; };
		F0E371212405E636000B5E07 /* LaunchScreen.storyboard in Resources */ = {isa = PBXBuildFile; fileRef = F0E3711F2405E636000B5E07 /* LaunchScreen.storyboard */; };
		F0E3712A2405ED4B000B5E07 /* AlignmentGuides.swift in Sources */ = {isa = PBXBuildFile; fileRef = F0E371292405ED4B000B5E07 /* AlignmentGuides.swift */; };
		F0E3712C2405F195000B5E07 /* CustomAlignmentGuide.swift in Sources */ = {isa = PBXBuildFile; fileRef = F0E3712B2405F195000B5E07 /* CustomAlignmentGuide.swift */; };
		F0E3713024060323000B5E07 /* GeometryReaderFramesAndCoordinates.swift in Sources */ = {isa = PBXBuildFile; fileRef = F0E3712F24060323000B5E07 /* GeometryReaderFramesAndCoordinates.swift */; };
/* End PBXBuildFile section */

/* Begin PBXFileReference section */
		F0E3710E2405E633000B5E07 /* LayoutAndGeometry.app */ = {isa = PBXFileReference; explicitFileType = wrapper.application; includeInIndex = 0; path = LayoutAndGeometry.app; sourceTree = BUILT_PRODUCTS_DIR; };
		F0E371112405E633000B5E07 /* AppDelegate.swift */ = {isa = PBXFileReference; lastKnownFileType = sourcecode.swift; path = AppDelegate.swift; sourceTree = "<group>"; };
		F0E371132405E633000B5E07 /* SceneDelegate.swift */ = {isa = PBXFileReference; lastKnownFileType = sourcecode.swift; path = SceneDelegate.swift; sourceTree = "<group>"; };
		F0E371162405E633000B5E07 /* LayoutAndGeometry.xcdatamodel */ = {isa = PBXFileReference; lastKnownFileType = wrapper.xcdatamodel; path = LayoutAndGeometry.xcdatamodel; sourceTree = "<group>"; };
		F0E371182405E633000B5E07 /* ContentView.swift */ = {isa = PBXFileReference; lastKnownFileType = sourcecode.swift; path = ContentView.swift; sourceTree = "<group>"; };
		F0E3711A2405E636000B5E07 /* Assets.xcassets */ = {isa = PBXFileReference; lastKnownFileType = folder.assetcatalog; path = Assets.xcassets; sourceTree = "<group>"; };
		F0E3711D2405E636000B5E07 /* Preview Assets.xcassets */ = {isa = PBXFileReference; lastKnownFileType = folder.assetcatalog; path = "Preview Assets.xcassets"; sourceTree = "<group>"; };
		F0E371202405E636000B5E07 /* Base */ = {isa = PBXFileReference; lastKnownFileType = file.storyboard; name = Base; path = Base.lproj/LaunchScreen.storyboard; sourceTree = "<group>"; };
		F0E371222405E636000B5E07 /* Info.plist */ = {isa = PBXFileReference; lastKnownFileType = text.plist.xml; path = Info.plist; sourceTree = "<group>"; };
		F0E371292405ED4B000B5E07 /* AlignmentGuides.swift */ = {isa = PBXFileReference; lastKnownFileType = sourcecode.swift; path = AlignmentGuides.swift; sourceTree = "<group>"; };
		F0E3712B2405F195000B5E07 /* CustomAlignmentGuide.swift */ = {isa = PBXFileReference; lastKnownFileType = sourcecode.swift; path = CustomAlignmentGuide.swift; sourceTree = "<group>"; };
		F0E3712F24060323000B5E07 /* GeometryReaderFramesAndCoordinates.swift */ = {isa = PBXFileReference; lastKnownFileType = sourcecode.swift; path = GeometryReaderFramesAndCoordinates.swift; sourceTree = "<group>"; };
/* End PBXFileReference section */

/* Begin PBXFrameworksBuildPhase section */
		F0E3710B2405E633000B5E07 /* Frameworks */ = {
			isa = PBXFrameworksBuildPhase;
			buildActionMask = 2147483647;
			files = (
			);
			runOnlyForDeploymentPostprocessing = 0;
		};
/* End PBXFrameworksBuildPhase section */

/* Begin PBXGroup section */
		F0E371052405E632000B5E07 = {
			isa = PBXGroup;
			children = (
				F0E371102405E633000B5E07 /* LayoutAndGeometry */,
				F0E3710F2405E633000B5E07 /* Products */,
			);
			sourceTree = "<group>";
		};
		F0E3710F2405E633000B5E07 /* Products */ = {
			isa = PBXGroup;
			children = (
				F0E3710E2405E633000B5E07 /* LayoutAndGeometry.app */,
			);
			name = Products;
			sourceTree = "<group>";
		};
		F0E371102405E633000B5E07 /* LayoutAndGeometry */ = {
			isa = PBXGroup;
			children = (
				F0E371282405ED41000B5E07 /* Introduction */,
				F0E371112405E633000B5E07 /* AppDelegate.swift */,
				F0E371132405E633000B5E07 /* SceneDelegate.swift */,
				F0E371182405E633000B5E07 /* ContentView.swift */,
				F0E3711A2405E636000B5E07 /* Assets.xcassets */,
				F0E3711F2405E636000B5E07 /* LaunchScreen.storyboard */,
				F0E371222405E636000B5E07 /* Info.plist */,
				F0E371152405E633000B5E07 /* LayoutAndGeometry.xcdatamodeld */,
				F0E3711C2405E636000B5E07 /* Preview Content */,
			);
			path = LayoutAndGeometry;
			sourceTree = "<group>";
		};
		F0E3711C2405E636000B5E07 /* Preview Content */ = {
			isa = PBXGroup;
			children = (
				F0E3711D2405E636000B5E07 /* Preview Assets.xcassets */,
			);
			path = "Preview Content";
			sourceTree = "<group>";
		};
		F0E371282405ED41000B5E07 /* Introduction */ = {
			isa = PBXGroup;
			children = (
				F0E371292405ED4B000B5E07 /* AlignmentGuides.swift */,
				F0E3712F24060323000B5E07 /* GeometryReaderFramesAndCoordinates.swift */,
				F0E3712B2405F195000B5E07 /* CustomAlignmentGuide.swift */,
			);
			path = Introduction;
			sourceTree = "<group>";
		};
/* End PBXGroup section */

/* Begin PBXNativeTarget section */
		F0E3710D2405E633000B5E07 /* LayoutAndGeometry */ = {
			isa = PBXNativeTarget;
			buildConfigurationList = F0E371252405E636000B5E07 /* Build configuration list for PBXNativeTarget "LayoutAndGeometry" */;
			buildPhases = (
				F0E3710A2405E633000B5E07 /* Sources */,
				F0E3710B2405E633000B5E07 /* Frameworks */,
				F0E3710C2405E633000B5E07 /* Resources */,
			);
			buildRules = (
			);
			dependencies = (
			);
			name = LayoutAndGeometry;
			productName = LayoutAndGeometry;
			productReference = F0E3710E2405E633000B5E07 /* LayoutAndGeometry.app */;
			productType = "com.apple.product-type.application";
		};
/* End PBXNativeTarget section */

/* Begin PBXProject section */
		F0E371062405E632000B5E07 /* Project object */ = {
			isa = PBXProject;
			attributes = {
				LastSwiftUpdateCheck = 1130;
				LastUpgradeCheck = 1130;
				ORGANIZATIONNAME = "Kevin Ngo";
				TargetAttributes = {
					F0E3710D2405E633000B5E07 = {
						CreatedOnToolsVersion = 11.3;
					};
				};
			};
			buildConfigurationList = F0E371092405E632000B5E07 /* Build configuration list for PBXProject "LayoutAndGeometry" */;
			compatibilityVersion = "Xcode 9.3";
			developmentRegion = en;
			hasScannedForEncodings = 0;
			knownRegions = (
				en,
				Base,
			);
			mainGroup = F0E371052405E632000B5E07;
			productRefGroup = F0E3710F2405E633000B5E07 /* Products */;
			projectDirPath = "";
			projectRoot = "";
			targets = (
				F0E3710D2405E633000B5E07 /* LayoutAndGeometry */,
			);
		};
/* End PBXProject section */

/* Begin PBXResourcesBuildPhase section */
		F0E3710C2405E633000B5E07 /* Resources */ = {
			isa = PBXResourcesBuildPhase;
			buildActionMask = 2147483647;
			files = (
				F0E371212405E636000B5E07 /* LaunchScreen.storyboard in Resources */,
				F0E3711E2405E636000B5E07 /* Preview Assets.xcassets in Resources */,
				F0E3711B2405E636000B5E07 /* Assets.xcassets in Resources */,
			);
			runOnlyForDeploymentPostprocessing = 0;
		};
/* End PBXResourcesBuildPhase section */

/* Begin PBXSourcesBuildPhase section */
		F0E3710A2405E633000B5E07 /* Sources */ = {
			isa = PBXSourcesBuildPhase;
			buildActionMask = 2147483647;
			files = (
				F0E3713024060323000B5E07 /* GeometryReaderFramesAndCoordinates.swift in Sources */,
				F0E371172405E633000B5E07 /* LayoutAndGeometry.xcdatamodeld in Sources */,
				F0E3712C2405F195000B5E07 /* CustomAlignmentGuide.swift in Sources */,
				F0E371122405E633000B5E07 /* AppDelegate.swift in Sources */,
				F0E371192405E633000B5E07 /* ContentView.swift in Sources */,
				F0E3712A2405ED4B000B5E07 /* AlignmentGuides.swift in Sources */,
				F0E371142405E633000B5E07 /* SceneDelegate.swift in Sources */,
			);
			runOnlyForDeploymentPostprocessing = 0;
		};
/* End PBXSourcesBuildPhase section */

/* Begin PBXVariantGroup section */
		F0E3711F2405E636000B5E07 /* LaunchScreen.storyboard */ = {
			isa = PBXVariantGroup;
			children = (
				F0E371202405E636000B5E07 /* Base */,
			);
			name = LaunchScreen.storyboard;
			sourceTree = "<group>";
		};
/* End PBXVariantGroup section */

/* Begin XCBuildConfiguration section */
		F0E371232405E636000B5E07 /* Debug */ = {
			isa = XCBuildConfiguration;
			buildSettings = {
				ALWAYS_SEARCH_USER_PATHS = NO;
				CLANG_ANALYZER_NONNULL = YES;
				CLANG_ANALYZER_NUMBER_OBJECT_CONVERSION = YES_AGGRESSIVE;
				CLANG_CXX_LANGUAGE_STANDARD = "gnu++14";
				CLANG_CXX_LIBRARY = "libc++";
				CLANG_ENABLE_MODULES = YES;
				CLANG_ENABLE_OBJC_ARC = YES;
				CLANG_ENABLE_OBJC_WEAK = YES;
				CLANG_WARN_BLOCK_CAPTURE_AUTORELEASING = YES;
				CLANG_WARN_BOOL_CONVERSION = YES;
				CLANG_WARN_COMMA = YES;
				CLANG_WARN_CONSTANT_CONVERSION = YES;
				CLANG_WARN_DEPRECATED_OBJC_IMPLEMENTATIONS = YES;
				CLANG_WARN_DIRECT_OBJC_ISA_USAGE = YES_ERROR;
				CLANG_WARN_DOCUMENTATION_COMMENTS = YES;
				CLANG_WARN_EMPTY_BODY = YES;
				CLANG_WARN_ENUM_CONVERSION = YES;
				CLANG_WARN_INFINITE_RECURSION = YES;
				CLANG_WARN_INT_CONVERSION = YES;
				CLANG_WARN_NON_LITERAL_NULL_CONVERSION = YES;
				CLANG_WARN_OBJC_IMPLICIT_RETAIN_SELF = YES;
				CLANG_WARN_OBJC_LITERAL_CONVERSION = YES;
				CLANG_WARN_OBJC_ROOT_CLASS = YES_ERROR;
				CLANG_WARN_RANGE_LOOP_ANALYSIS = YES;
				CLANG_WARN_STRICT_PROTOTYPES = YES;
				CLANG_WARN_SUSPICIOUS_MOVE = YES;
				CLANG_WARN_UNGUARDED_AVAILABILITY = YES_AGGRESSIVE;
				CLANG_WARN_UNREACHABLE_CODE = YES;
				CLANG_WARN__DUPLICATE_METHOD_MATCH = YES;
				COPY_PHASE_STRIP = NO;
				DEBUG_INFORMATION_FORMAT = dwarf;
				ENABLE_STRICT_OBJC_MSGSEND = YES;
				ENABLE_TESTABILITY = YES;
				GCC_C_LANGUAGE_STANDARD = gnu11;
				GCC_DYNAMIC_NO_PIC = NO;
				GCC_NO_COMMON_BLOCKS = YES;
				GCC_OPTIMIZATION_LEVEL = 0;
				GCC_PREPROCESSOR_DEFINITIONS = (
					"DEBUG=1",
					"$(inherited)",
				);
				GCC_WARN_64_TO_32_BIT_CONVERSION = YES;
				GCC_WARN_ABOUT_RETURN_TYPE = YES_ERROR;
				GCC_WARN_UNDECLARED_SELECTOR = YES;
				GCC_WARN_UNINITIALIZED_AUTOS = YES_AGGRESSIVE;
				GCC_WARN_UNUSED_FUNCTION = YES;
				GCC_WARN_UNUSED_VARIABLE = YES;
				IPHONEOS_DEPLOYMENT_TARGET = 13.2;
				MTL_ENABLE_DEBUG_INFO = INCLUDE_SOURCE;
				MTL_FAST_MATH = YES;
				ONLY_ACTIVE_ARCH = YES;
				SDKROOT = iphoneos;
				SWIFT_ACTIVE_COMPILATION_CONDITIONS = DEBUG;
				SWIFT_OPTIMIZATION_LEVEL = "-Onone";
			};
			name = Debug;
		};
		F0E371242405E636000B5E07 /* Release */ = {
			isa = XCBuildConfiguration;
			buildSettings = {
				ALWAYS_SEARCH_USER_PATHS = NO;
				CLANG_ANALYZER_NONNULL = YES;
				CLANG_ANALYZER_NUMBER_OBJECT_CONVERSION = YES_AGGRESSIVE;
				CLANG_CXX_LANGUAGE_STANDARD = "gnu++14";
				CLANG_CXX_LIBRARY = "libc++";
				CLANG_ENABLE_MODULES = YES;
				CLANG_ENABLE_OBJC_ARC = YES;
				CLANG_ENABLE_OBJC_WEAK = YES;
				CLANG_WARN_BLOCK_CAPTURE_AUTORELEASING = YES;
				CLANG_WARN_BOOL_CONVERSION = YES;
				CLANG_WARN_COMMA = YES;
				CLANG_WARN_CONSTANT_CONVERSION = YES;
				CLANG_WARN_DEPRECATED_OBJC_IMPLEMENTATIONS = YES;
				CLANG_WARN_DIRECT_OBJC_ISA_USAGE = YES_ERROR;
				CLANG_WARN_DOCUMENTATION_COMMENTS = YES;
				CLANG_WARN_EMPTY_BODY = YES;
				CLANG_WARN_ENUM_CONVERSION = YES;
				CLANG_WARN_INFINITE_RECURSION = YES;
				CLANG_WARN_INT_CONVERSION = YES;
				CLANG_WARN_NON_LITERAL_NULL_CONVERSION = YES;
				CLANG_WARN_OBJC_IMPLICIT_RETAIN_SELF = YES;
				CLANG_WARN_OBJC_LITERAL_CONVERSION = YES;
				CLANG_WARN_OBJC_ROOT_CLASS = YES_ERROR;
				CLANG_WARN_RANGE_LOOP_ANALYSIS = YES;
				CLANG_WARN_STRICT_PROTOTYPES = YES;
				CLANG_WARN_SUSPICIOUS_MOVE = YES;
				CLANG_WARN_UNGUARDED_AVAILABILITY = YES_AGGRESSIVE;
				CLANG_WARN_UNREACHABLE_CODE = YES;
				CLANG_WARN__DUPLICATE_METHOD_MATCH = YES;
				COPY_PHASE_STRIP = NO;
				DEBUG_INFORMATION_FORMAT = "dwarf-with-dsym";
				ENABLE_NS_ASSERTIONS = NO;
				ENABLE_STRICT_OBJC_MSGSEND = YES;
				GCC_C_LANGUAGE_STANDARD = gnu11;
				GCC_NO_COMMON_BLOCKS = YES;
				GCC_WARN_64_TO_32_BIT_CONVERSION = YES;
				GCC_WARN_ABOUT_RETURN_TYPE = YES_ERROR;
				GCC_WARN_UNDECLARED_SELECTOR = YES;
				GCC_WARN_UNINITIALIZED_AUTOS = YES_AGGRESSIVE;
				GCC_WARN_UNUSED_FUNCTION = YES;
				GCC_WARN_UNUSED_VARIABLE = YES;
				IPHONEOS_DEPLOYMENT_TARGET = 13.2;
				MTL_ENABLE_DEBUG_INFO = NO;
				MTL_FAST_MATH = YES;
				SDKROOT = iphoneos;
				SWIFT_COMPILATION_MODE = wholemodule;
				SWIFT_OPTIMIZATION_LEVEL = "-O";
				VALIDATE_PRODUCT = YES;
			};
			name = Release;
		};
		F0E371262405E636000B5E07 /* Debug */ = {
			isa = XCBuildConfiguration;
			buildSettings = {
				ASSETCATALOG_COMPILER_APPICON_NAME = AppIcon;
				CODE_SIGN_STYLE = Automatic;
				DEVELOPMENT_ASSET_PATHS = "\"LayoutAndGeometry/Preview Content\"";
				DEVELOPMENT_TEAM = RN7VW6K2SU;
				ENABLE_PREVIEWS = YES;
				INFOPLIST_FILE = LayoutAndGeometry/Info.plist;
				LD_RUNPATH_SEARCH_PATHS = (
					"$(inherited)",
					"@executable_path/Frameworks",
				);
				PRODUCT_BUNDLE_IDENTIFIER = com.kevinngo.LayoutAndGeometry;
				PRODUCT_NAME = "$(TARGET_NAME)";
				SWIFT_VERSION = 5.0;
				TARGETED_DEVICE_FAMILY = "1,2";
			};
			name = Debug;
		};
		F0E371272405E636000B5E07 /* Release */ = {
			isa = XCBuildConfiguration;
			buildSettings = {
				ASSETCATALOG_COMPILER_APPICON_NAME = AppIcon;
				CODE_SIGN_STYLE = Automatic;
				DEVELOPMENT_ASSET_PATHS = "\"LayoutAndGeometry/Preview Content\"";
				DEVELOPMENT_TEAM = RN7VW6K2SU;
				ENABLE_PREVIEWS = YES;
				INFOPLIST_FILE = LayoutAndGeometry/Info.plist;
				LD_RUNPATH_SEARCH_PATHS = (
					"$(inherited)",
					"@executable_path/Frameworks",
				);
				PRODUCT_BUNDLE_IDENTIFIER = com.kevinngo.LayoutAndGeometry;
				PRODUCT_NAME = "$(TARGET_NAME)";
				SWIFT_VERSION = 5.0;
				TARGETED_DEVICE_FAMILY = "1,2";
			};
			name = Release;
		};
/* End XCBuildConfiguration section */

/* Begin XCConfigurationList section */
		F0E371092405E632000B5E07 /* Build configuration list for PBXProject "LayoutAndGeometry" */ = {
			isa = XCConfigurationList;
			buildConfigurations = (
				F0E371232405E636000B5E07 /* Debug */,
				F0E371242405E636000B5E07 /* Release */,
			);
			defaultConfigurationIsVisible = 0;
			defaultConfigurationName = Release;
		};
		F0E371252405E636000B5E07 /* Build configuration list for PBXNativeTarget "LayoutAndGeometry" */ = {
			isa = XCConfigurationList;
			buildConfigurations = (
				F0E371262405E636000B5E07 /* Debug */,
				F0E371272405E636000B5E07 /* Release */,
			);
			defaultConfigurationIsVisible = 0;
			defaultConfigurationName = Release;
		};
/* End XCConfigurationList section */

/* Begin XCVersionGroup section */
		F0E371152405E633000B5E07 /* LayoutAndGeometry.xcdatamodeld */ = {
			isa = XCVersionGroup;
			children = (
				F0E371162405E633000B5E07 /* LayoutAndGeometry.xcdatamodel */,
			);
			currentVersion = F0E371162405E633000B5E07 /* LayoutAndGeometry.xcdatamodel */;
			path = LayoutAndGeometry.xcdatamodeld;
			sourceTree = "<group>";
			versionGroupType = wrapper.xcdatamodel;
		};
/* End XCVersionGroup section */
	};
	rootObject = F0E371062405E632000B5E07 /* Project object */;
}
