// !$*UTF8*$!
{
	archiveVersion = 1;
	classes = {
	};
	objectVersion = 50;
	objects = {

/* Begin PBXBuildFile section */
		F05A3FDF23F76FD500ABC8E2 /* AppDelegate.swift in Sources */ = {isa = PBXBuildFile; fileRef = F05A3FDE23F76FD500ABC8E2 /* AppDelegate.swift */; };
		F05A3FE123F76FD500ABC8E2 /* SceneDelegate.swift in Sources */ = {isa = PBXBuildFile; fileRef = F05A3FE023F76FD500ABC8E2 /* SceneDelegate.swift */; };
		F05A3FE423F76FD500ABC8E2 /* BucketList.xcdatamodeld in Sources */ = {isa = PBXBuildFile; fileRef = F05A3FE223F76FD500ABC8E2 /* BucketList.xcdatamodeld */; };
		F05A3FE623F76FD500ABC8E2 /* ContentView.swift in Sources */ = {isa = PBXBuildFile; fileRef = F05A3FE523F76FD500ABC8E2 /* ContentView.swift */; };
		F05A3FE823F76FDB00ABC8E2 /* Assets.xcassets in Resources */ = {isa = PBXBuildFile; fileRef = F05A3FE723F76FDB00ABC8E2 /* Assets.xcassets */; };
		F05A3FEB23F76FDB00ABC8E2 /* Preview Assets.xcassets in Resources */ = {isa = PBXBuildFile; fileRef = F05A3FEA23F76FDB00ABC8E2 /* Preview Assets.xcassets */; };
		F05A3FEE23F76FDB00ABC8E2 /* LaunchScreen.storyboard in Resources */ = {isa = PBXBuildFile; fileRef = F05A3FEC23F76FDB00ABC8E2 /* LaunchScreen.storyboard */; };
		F05A3FF823F7B57B00ABC8E2 /* MapView.swift in Sources */ = {isa = PBXBuildFile; fileRef = F05A3FF723F7B57B00ABC8E2 /* MapView.swift */; };
		F05A3FFA23F8477800ABC8E2 /* MKPointAnnotation-ObservableObject.swift in Sources */ = {isa = PBXBuildFile; fileRef = F05A3FF923F8477800ABC8E2 /* MKPointAnnotation-ObservableObject.swift */; };
		F05A3FFC23F847A200ABC8E2 /* EditView.swift in Sources */ = {isa = PBXBuildFile; fileRef = F05A3FFB23F847A200ABC8E2 /* EditView.swift */; };
		F05A3FFE23F8E1D300ABC8E2 /* Results.swift in Sources */ = {isa = PBXBuildFile; fileRef = F05A3FFD23F8E1D300ABC8E2 /* Results.swift */; };
		F05A400023FA296F00ABC8E2 /* MKPointAnnotation-Codable.swift in Sources */ = {isa = PBXBuildFile; fileRef = F05A3FFF23FA296F00ABC8E2 /* MKPointAnnotation-Codable.swift */; };
		F05A400223FA31AB00ABC8E2 /* DetailsView.swift in Sources */ = {isa = PBXBuildFile; fileRef = F05A400123FA31AB00ABC8E2 /* DetailsView.swift */; };
/* End PBXBuildFile section */

/* Begin PBXFileReference section */
		F05A3FDB23F76FD500ABC8E2 /* BucketList.app */ = {isa = PBXFileReference; explicitFileType = wrapper.application; includeInIndex = 0; path = BucketList.app; sourceTree = BUILT_PRODUCTS_DIR; };
		F05A3FDE23F76FD500ABC8E2 /* AppDelegate.swift */ = {isa = PBXFileReference; lastKnownFileType = sourcecode.swift; path = AppDelegate.swift; sourceTree = "<group>"; };
		F05A3FE023F76FD500ABC8E2 /* SceneDelegate.swift */ = {isa = PBXFileReference; lastKnownFileType = sourcecode.swift; path = SceneDelegate.swift; sourceTree = "<group>"; };
		F05A3FE323F76FD500ABC8E2 /* BucketList.xcdatamodel */ = {isa = PBXFileReference; lastKnownFileType = wrapper.xcdatamodel; path = BucketList.xcdatamodel; sourceTree = "<group>"; };
		F05A3FE523F76FD500ABC8E2 /* ContentView.swift */ = {isa = PBXFileReference; lastKnownFileType = sourcecode.swift; path = ContentView.swift; sourceTree = "<group>"; };
		F05A3FE723F76FDB00ABC8E2 /* Assets.xcassets */ = {isa = PBXFileReference; lastKnownFileType = folder.assetcatalog; path = Assets.xcassets; sourceTree = "<group>"; };
		F05A3FEA23F76FDB00ABC8E2 /* Preview Assets.xcassets */ = {isa = PBXFileReference; lastKnownFileType = folder.assetcatalog; path = "Preview Assets.xcassets"; sourceTree = "<group>"; };
		F05A3FED23F76FDB00ABC8E2 /* Base */ = {isa = PBXFileReference; lastKnownFileType = file.storyboard; name = Base; path = Base.lproj/LaunchScreen.storyboard; sourceTree = "<group>"; };
		F05A3FEF23F76FDB00ABC8E2 /* Info.plist */ = {isa = PBXFileReference; lastKnownFileType = text.plist.xml; path = Info.plist; sourceTree = "<group>"; };
		F05A3FF723F7B57B00ABC8E2 /* MapView.swift */ = {isa = PBXFileReference; lastKnownFileType = sourcecode.swift; path = MapView.swift; sourceTree = "<group>"; };
		F05A3FF923F8477800ABC8E2 /* MKPointAnnotation-ObservableObject.swift */ = {isa = PBXFileReference; lastKnownFileType = sourcecode.swift; path = "MKPointAnnotation-ObservableObject.swift"; sourceTree = "<group>"; };
		F05A3FFB23F847A200ABC8E2 /* EditView.swift */ = {isa = PBXFileReference; lastKnownFileType = sourcecode.swift; path = EditView.swift; sourceTree = "<group>"; };
		F05A3FFD23F8E1D300ABC8E2 /* Results.swift */ = {isa = PBXFileReference; lastKnownFileType = sourcecode.swift; path = Results.swift; sourceTree = "<group>"; };
		F05A3FFF23FA296F00ABC8E2 /* MKPointAnnotation-Codable.swift */ = {isa = PBXFileReference; lastKnownFileType = sourcecode.swift; path = "MKPointAnnotation-Codable.swift"; sourceTree = "<group>"; };
		F05A400123FA31AB00ABC8E2 /* DetailsView.swift */ = {isa = PBXFileReference; lastKnownFileType = sourcecode.swift; path = DetailsView.swift; sourceTree = "<group>"; };
/* End PBXFileReference section */

/* Begin PBXFrameworksBuildPhase section */
		F05A3FD823F76FD500ABC8E2 /* Frameworks */ = {
			isa = PBXFrameworksBuildPhase;
			buildActionMask = 2147483647;
			files = (
			);
			runOnlyForDeploymentPostprocessing = 0;
		};
/* End PBXFrameworksBuildPhase section */

/* Begin PBXGroup section */
		F05A3FD223F76FD500ABC8E2 = {
			isa = PBXGroup;
			children = (
				F05A3FDD23F76FD500ABC8E2 /* BucketList */,
				F05A3FDC23F76FD500ABC8E2 /* Products */,
			);
			sourceTree = "<group>";
		};
		F05A3FDC23F76FD500ABC8E2 /* Products */ = {
			isa = PBXGroup;
			children = (
				F05A3FDB23F76FD500ABC8E2 /* BucketList.app */,
			);
			name = Products;
			sourceTree = "<group>";
		};
		F05A3FDD23F76FD500ABC8E2 /* BucketList */ = {
			isa = PBXGroup;
			children = (
				F05A3FDE23F76FD500ABC8E2 /* AppDelegate.swift */,
				F05A3FE023F76FD500ABC8E2 /* SceneDelegate.swift */,
				F05A3FFF23FA296F00ABC8E2 /* MKPointAnnotation-Codable.swift */,
				F05A3FF923F8477800ABC8E2 /* MKPointAnnotation-ObservableObject.swift */,
				F05A3FFD23F8E1D300ABC8E2 /* Results.swift */,
				F05A3FFB23F847A200ABC8E2 /* EditView.swift */,
				F05A3FF723F7B57B00ABC8E2 /* MapView.swift */,
				F05A3FE523F76FD500ABC8E2 /* ContentView.swift */,
				F05A400123FA31AB00ABC8E2 /* DetailsView.swift */,
				F05A3FE723F76FDB00ABC8E2 /* Assets.xcassets */,
				F05A3FEC23F76FDB00ABC8E2 /* LaunchScreen.storyboard */,
				F05A3FEF23F76FDB00ABC8E2 /* Info.plist */,
				F05A3FE223F76FD500ABC8E2 /* BucketList.xcdatamodeld */,
				F05A3FE923F76FDB00ABC8E2 /* Preview Content */,
			);
			path = BucketList;
			sourceTree = "<group>";
		};
		F05A3FE923F76FDB00ABC8E2 /* Preview Content */ = {
			isa = PBXGroup;
			children = (
				F05A3FEA23F76FDB00ABC8E2 /* Preview Assets.xcassets */,
			);
			path = "Preview Content";
			sourceTree = "<group>";
		};
/* End PBXGroup section */

/* Begin PBXNativeTarget section */
		F05A3FDA23F76FD500ABC8E2 /* BucketList */ = {
			isa = PBXNativeTarget;
			buildConfigurationList = F05A3FF223F76FDB00ABC8E2 /* Build configuration list for PBXNativeTarget "BucketList" */;
			buildPhases = (
				F05A3FD723F76FD500ABC8E2 /* Sources */,
				F05A3FD823F76FD500ABC8E2 /* Frameworks */,
				F05A3FD923F76FD500ABC8E2 /* Resources */,
			);
			buildRules = (
			);
			dependencies = (
			);
			name = BucketList;
			productName = BucketList;
			productReference = F05A3FDB23F76FD500ABC8E2 /* BucketList.app */;
			productType = "com.apple.product-type.application";
		};
/* End PBXNativeTarget section */

/* Begin PBXProject section */
		F05A3FD323F76FD500ABC8E2 /* Project object */ = {
			isa = PBXProject;
			attributes = {
				LastSwiftUpdateCheck = 1130;
				LastUpgradeCheck = 1130;
				ORGANIZATIONNAME = "Kevin Ngo";
				TargetAttributes = {
					F05A3FDA23F76FD500ABC8E2 = {
						CreatedOnToolsVersion = 11.3;
					};
				};
			};
			buildConfigurationList = F05A3FD623F76FD500ABC8E2 /* Build configuration list for PBXProject "BucketList" */;
			compatibilityVersion = "Xcode 9.3";
			developmentRegion = en;
			hasScannedForEncodings = 0;
			knownRegions = (
				en,
				Base,
			);
			mainGroup = F05A3FD223F76FD500ABC8E2;
			productRefGroup = F05A3FDC23F76FD500ABC8E2 /* Products */;
			projectDirPath = "";
			projectRoot = "";
			targets = (
				F05A3FDA23F76FD500ABC8E2 /* BucketList */,
			);
		};
/* End PBXProject section */

/* Begin PBXResourcesBuildPhase section */
		F05A3FD923F76FD500ABC8E2 /* Resources */ = {
			isa = PBXResourcesBuildPhase;
			buildActionMask = 2147483647;
			files = (
				F05A3FEE23F76FDB00ABC8E2 /* LaunchScreen.storyboard in Resources */,
				F05A3FEB23F76FDB00ABC8E2 /* Preview Assets.xcassets in Resources */,
				F05A3FE823F76FDB00ABC8E2 /* Assets.xcassets in Resources */,
			);
			runOnlyForDeploymentPostprocessing = 0;
		};
/* End PBXResourcesBuildPhase section */

/* Begin PBXSourcesBuildPhase section */
		F05A3FD723F76FD500ABC8E2 /* Sources */ = {
			isa = PBXSourcesBuildPhase;
			buildActionMask = 2147483647;
			files = (
				F05A3FDF23F76FD500ABC8E2 /* AppDelegate.swift in Sources */,
				F05A400223FA31AB00ABC8E2 /* DetailsView.swift in Sources */,
				F05A3FFA23F8477800ABC8E2 /* MKPointAnnotation-ObservableObject.swift in Sources */,
				F05A3FFE23F8E1D300ABC8E2 /* Results.swift in Sources */,
				F05A3FE423F76FD500ABC8E2 /* BucketList.xcdatamodeld in Sources */,
				F05A3FF823F7B57B00ABC8E2 /* MapView.swift in Sources */,
				F05A3FFC23F847A200ABC8E2 /* EditView.swift in Sources */,
				F05A400023FA296F00ABC8E2 /* MKPointAnnotation-Codable.swift in Sources */,
				F05A3FE623F76FD500ABC8E2 /* ContentView.swift in Sources */,
				F05A3FE123F76FD500ABC8E2 /* SceneDelegate.swift in Sources */,
			);
			runOnlyForDeploymentPostprocessing = 0;
		};
/* End PBXSourcesBuildPhase section */

/* Begin PBXVariantGroup section */
		F05A3FEC23F76FDB00ABC8E2 /* LaunchScreen.storyboard */ = {
			isa = PBXVariantGroup;
			children = (
				F05A3FED23F76FDB00ABC8E2 /* Base */,
			);
			name = LaunchScreen.storyboard;
			sourceTree = "<group>";
		};
/* End PBXVariantGroup section */

/* Begin XCBuildConfiguration section */
		F05A3FF023F76FDB00ABC8E2 /* Debug */ = {
			isa = XCBuildConfiguration;
			buildSettings = {
				ALWAYS_SEARCH_USER_PATHS = NO;
				CLANG_ANALYZER_NONNULL = YES;
				CLANG_ANALYZER_NUMBER_OBJECT_CONVERSION = YES_AGGRESSIVE;
				CLANG_CXX_LANGUAGE_STANDARD = "gnu++14";
				CLANG_CXX_LIBRARY = "libc++";
				CLANG_ENABLE_MODULES = YES;
				CLANG_ENABLE_OBJC_ARC = YES;
				CLANG_ENABLE_OBJC_WEAK = YES;
				CLANG_WARN_BLOCK_CAPTURE_AUTORELEASING = YES;
				CLANG_WARN_BOOL_CONVERSION = YES;
				CLANG_WARN_COMMA = YES;
				CLANG_WARN_CONSTANT_CONVERSION = YES;
				CLANG_WARN_DEPRECATED_OBJC_IMPLEMENTATIONS = YES;
				CLANG_WARN_DIRECT_OBJC_ISA_USAGE = YES_ERROR;
				CLANG_WARN_DOCUMENTATION_COMMENTS = YES;
				CLANG_WARN_EMPTY_BODY = YES;
				CLANG_WARN_ENUM_CONVERSION = YES;
				CLANG_WARN_INFINITE_RECURSION = YES;
				CLANG_WARN_INT_CONVERSION = YES;
				CLANG_WARN_NON_LITERAL_NULL_CONVERSION = YES;
				CLANG_WARN_OBJC_IMPLICIT_RETAIN_SELF = YES;
				CLANG_WARN_OBJC_LITERAL_CONVERSION = YES;
				CLANG_WARN_OBJC_ROOT_CLASS = YES_ERROR;
				CLANG_WARN_RANGE_LOOP_ANALYSIS = YES;
				CLANG_WARN_STRICT_PROTOTYPES = YES;
				CLANG_WARN_SUSPICIOUS_MOVE = YES;
				CLANG_WARN_UNGUARDED_AVAILABILITY = YES_AGGRESSIVE;
				CLANG_WARN_UNREACHABLE_CODE = YES;
				CLANG_WARN__DUPLICATE_METHOD_MATCH = YES;
				COPY_PHASE_STRIP = NO;
				DEBUG_INFORMATION_FORMAT = dwarf;
				ENABLE_STRICT_OBJC_MSGSEND = YES;
				ENABLE_TESTABILITY = YES;
				GCC_C_LANGUAGE_STANDARD = gnu11;
				GCC_DYNAMIC_NO_PIC = NO;
				GCC_NO_COMMON_BLOCKS = YES;
				GCC_OPTIMIZATION_LEVEL = 0;
				GCC_PREPROCESSOR_DEFINITIONS = (
					"DEBUG=1",
					"$(inherited)",
				);
				GCC_WARN_64_TO_32_BIT_CONVERSION = YES;
				GCC_WARN_ABOUT_RETURN_TYPE = YES_ERROR;
				GCC_WARN_UNDECLARED_SELECTOR = YES;
				GCC_WARN_UNINITIALIZED_AUTOS = YES_AGGRESSIVE;
				GCC_WARN_UNUSED_FUNCTION = YES;
				GCC_WARN_UNUSED_VARIABLE = YES;
				IPHONEOS_DEPLOYMENT_TARGET = 13.2;
				MTL_ENABLE_DEBUG_INFO = INCLUDE_SOURCE;
				MTL_FAST_MATH = YES;
				ONLY_ACTIVE_ARCH = YES;
				SDKROOT = iphoneos;
				SWIFT_ACTIVE_COMPILATION_CONDITIONS = DEBUG;
				SWIFT_OPTIMIZATION_LEVEL = "-Onone";
			};
			name = Debug;
		};
		F05A3FF123F76FDB00ABC8E2 /* Release */ = {
			isa = XCBuildConfiguration;
			buildSettings = {
				ALWAYS_SEARCH_USER_PATHS = NO;
				CLANG_ANALYZER_NONNULL = YES;
				CLANG_ANALYZER_NUMBER_OBJECT_CONVERSION = YES_AGGRESSIVE;
				CLANG_CXX_LANGUAGE_STANDARD = "gnu++14";
				CLANG_CXX_LIBRARY = "libc++";
				CLANG_ENABLE_MODULES = YES;
				CLANG_ENABLE_OBJC_ARC = YES;
				CLANG_ENABLE_OBJC_WEAK = YES;
				CLANG_WARN_BLOCK_CAPTURE_AUTORELEASING = YES;
				CLANG_WARN_BOOL_CONVERSION = YES;
				CLANG_WARN_COMMA = YES;
				CLANG_WARN_CONSTANT_CONVERSION = YES;
				CLANG_WARN_DEPRECATED_OBJC_IMPLEMENTATIONS = YES;
				CLANG_WARN_DIRECT_OBJC_ISA_USAGE = YES_ERROR;
				CLANG_WARN_DOCUMENTATION_COMMENTS = YES;
				CLANG_WARN_EMPTY_BODY = YES;
				CLANG_WARN_ENUM_CONVERSION = YES;
				CLANG_WARN_INFINITE_RECURSION = YES;
				CLANG_WARN_INT_CONVERSION = YES;
				CLANG_WARN_NON_LITERAL_NULL_CONVERSION = YES;
				CLANG_WARN_OBJC_IMPLICIT_RETAIN_SELF = YES;
				CLANG_WARN_OBJC_LITERAL_CONVERSION = YES;
				CLANG_WARN_OBJC_ROOT_CLASS = YES_ERROR;
				CLANG_WARN_RANGE_LOOP_ANALYSIS = YES;
				CLANG_WARN_STRICT_PROTOTYPES = YES;
				CLANG_WARN_SUSPICIOUS_MOVE = YES;
				CLANG_WARN_UNGUARDED_AVAILABILITY = YES_AGGRESSIVE;
				CLANG_WARN_UNREACHABLE_CODE = YES;
				CLANG_WARN__DUPLICATE_METHOD_MATCH = YES;
				COPY_PHASE_STRIP = NO;
				DEBUG_INFORMATION_FORMAT = "dwarf-with-dsym";
				ENABLE_NS_ASSERTIONS = NO;
				ENABLE_STRICT_OBJC_MSGSEND = YES;
				GCC_C_LANGUAGE_STANDARD = gnu11;
				GCC_NO_COMMON_BLOCKS = YES;
				GCC_WARN_64_TO_32_BIT_CONVERSION = YES;
				GCC_WARN_ABOUT_RETURN_TYPE = YES_ERROR;
				GCC_WARN_UNDECLARED_SELECTOR = YES;
				GCC_WARN_UNINITIALIZED_AUTOS = YES_AGGRESSIVE;
				GCC_WARN_UNUSED_FUNCTION = YES;
				GCC_WARN_UNUSED_VARIABLE = YES;
				IPHONEOS_DEPLOYMENT_TARGET = 13.2;
				MTL_ENABLE_DEBUG_INFO = NO;
				MTL_FAST_MATH = YES;
				SDKROOT = iphoneos;
				SWIFT_COMPILATION_MODE = wholemodule;
				SWIFT_OPTIMIZATION_LEVEL = "-O";
				VALIDATE_PRODUCT = YES;
			};
			name = Release;
		};
		F05A3FF323F76FDB00ABC8E2 /* Debug */ = {
			isa = XCBuildConfiguration;
			buildSettings = {
				ASSETCATALOG_COMPILER_APPICON_NAME = AppIcon;
				CODE_SIGN_STYLE = Automatic;
				DEVELOPMENT_ASSET_PATHS = "\"BucketList/Preview Content\"";
				DEVELOPMENT_TEAM = RN7VW6K2SU;
				ENABLE_PREVIEWS = YES;
				INFOPLIST_FILE = BucketList/Info.plist;
				LD_RUNPATH_SEARCH_PATHS = (
					"$(inherited)",
					"@executable_path/Frameworks",
				);
				PRODUCT_BUNDLE_IDENTIFIER = com.kevinngo.BucketList;
				PRODUCT_NAME = "$(TARGET_NAME)";
				SWIFT_VERSION = 5.0;
				TARGETED_DEVICE_FAMILY = "1,2";
			};
			name = Debug;
		};
		F05A3FF423F76FDB00ABC8E2 /* Release */ = {
			isa = XCBuildConfiguration;
			buildSettings = {
				ASSETCATALOG_COMPILER_APPICON_NAME = AppIcon;
				CODE_SIGN_STYLE = Automatic;
				DEVELOPMENT_ASSET_PATHS = "\"BucketList/Preview Content\"";
				DEVELOPMENT_TEAM = RN7VW6K2SU;
				ENABLE_PREVIEWS = YES;
				INFOPLIST_FILE = BucketList/Info.plist;
				LD_RUNPATH_SEARCH_PATHS = (
					"$(inherited)",
					"@executable_path/Frameworks",
				);
				PRODUCT_BUNDLE_IDENTIFIER = com.kevinngo.BucketList;
				PRODUCT_NAME = "$(TARGET_NAME)";
				SWIFT_VERSION = 5.0;
				TARGETED_DEVICE_FAMILY = "1,2";
			};
			name = Release;
		};
/* End XCBuildConfiguration section */

/* Begin XCConfigurationList section */
		F05A3FD623F76FD500ABC8E2 /* Build configuration list for PBXProject "BucketList" */ = {
			isa = XCConfigurationList;
			buildConfigurations = (
				F05A3FF023F76FDB00ABC8E2 /* Debug */,
				F05A3FF123F76FDB00ABC8E2 /* Release */,
			);
			defaultConfigurationIsVisible = 0;
			defaultConfigurationName = Release;
		};
		F05A3FF223F76FDB00ABC8E2 /* Build configuration list for PBXNativeTarget "BucketList" */ = {
			isa = XCConfigurationList;
			buildConfigurations = (
				F05A3FF323F76FDB00ABC8E2 /* Debug */,
				F05A3FF423F76FDB00ABC8E2 /* Release */,
			);
			defaultConfigurationIsVisible = 0;
			defaultConfigurationName = Release;
		};
/* End XCConfigurationList section */

/* Begin XCVersionGroup section */
		F05A3FE223F76FD500ABC8E2 /* BucketList.xcdatamodeld */ = {
			isa = XCVersionGroup;
			children = (
				F05A3FE323F76FD500ABC8E2 /* BucketList.xcdatamodel */,
			);
			currentVersion = F05A3FE323F76FD500ABC8E2 /* BucketList.xcdatamodel */;
			path = BucketList.xcdatamodeld;
			sourceTree = "<group>";
			versionGroupType = wrapper.xcdatamodel;
		};
/* End XCVersionGroup section */
	};
	rootObject = F05A3FD323F76FD500ABC8E2 /* Project object */;
}
